
Microsoft Visual Studio Solution File, Format Version 12.00
# Visual Studio Version 17
VisualStudioVersion = 17.0.31903.59
MinimumVisualStudioVersion = 10.0.40219.1
Project("{FAE04EC0-301F-11D3-BF4B-00C04F79EFBC}") = "T2SGameEntityPhysics", "T2SGameEntityPhysics\T2SGameEntityPhysics.csproj", "{21AEA834-FD45-4535-9BC9-F28AF26FBE9C}"
EndProject
Project("{FAE04EC0-301F-11D3-BF4B-00C04F79EFBC}") = "T2SGameEntityPhysicsTests", "T2SGameEntityPhysicsTests\T2SGameEntityPhysicsTests.csproj", "{FAC0E407-B34A-474B-94AA-625842131C49}"
EndProject
Global
	GlobalSection(SolutionConfigurationPlatforms) = preSolution
		Debug|Any CPU = Debug|Any CPU
		Release|Any CPU = Release|Any CPU
	EndGlobalSection
	GlobalSection(SolutionProperties) = preSolution
		HideSolutionNode = FALSE
	EndGlobalSection
	GlobalSection(ProjectConfigurationPlatforms) = postSolution
		{21AEA834-FD45-4535-9BC9-F28AF26FBE9C}.Debug|Any CPU.ActiveCfg = Debug|Any CPU
		{21AEA834-FD45-4535-9BC9-F28AF26FBE9C}.Debug|Any CPU.Build.0 = Debug|Any CPU
		{21AEA834-FD45-4535-9BC9-F28AF26FBE9C}.Release|Any CPU.ActiveCfg = Release|Any CPU
		{21AEA834-FD45-4535-9BC9-F28AF26FBE9C}.Release|Any CPU.Build.0 = Release|Any CPU
		{2AF2AF37-FD7E-415F-A299-E172258B8BA1}.Debug|Any CPU.ActiveCfg = Debug|Any CPU
		{2AF2AF37-FD7E-415F-A299-E172258B8BA1}.Debug|Any CPU.Build.0 = Debug|Any CPU
		{2AF2AF37-FD7E-415F-A299-E172258B8BA1}.Release|Any CPU.ActiveCfg = Release|Any CPU
		{2AF2AF37-FD7E-415F-A299-E172258B8BA1}.Release|Any CPU.Build.0 = Release|Any CPU
		{FAC0E407-B34A-474B-94AA-625842131C49}.Debug|Any CPU.ActiveCfg = Debug|Any CPU
		{FAC0E407-B34A-474B-94AA-625842131C49}.Debug|Any CPU.Build.0 = Debug|Any CPU
		{FAC0E407-B34A-474B-94AA-625842131C49}.Release|Any CPU.ActiveCfg = Release|Any CPU
		{FAC0E407-B34A-474B-94AA-625842131C49}.Release|Any CPU.Build.0 = Release|Any CPU
	EndGlobalSection
EndGlobal
